
Microsoft Visual Studio Solution File, Format Version 12.00
# Visual Studio 15
VisualStudioVersion = 15.0.28307.1300
MinimumVisualStudioVersion = 10.0.40219.1
Project("{FAE04EC0-301F-11D3-BF4B-00C04F79EFBC}") = "DawV2", "DawV2\DawV2.csproj", "{1B485722-29C4-4368-B4F9-5ABE0F4BDB61}"
EndProject
Global
	GlobalSection(SolutionConfigurationPlatforms) = preSolution
		Debug|Any CPU = Debug|Any CPU
		Release|Any CPU = Release|Any CPU
	EndGlobalSection
	GlobalSection(ProjectConfigurationPlatforms) = postSolution
		{1B485722-29C4-4368-B4F9-5ABE0F4BDB61}.Debug|Any CPU.ActiveCfg = Debug|Any CPU
		{1B485722-29C4-4368-B4F9-5ABE0F4BDB61}.Debug|Any CPU.Build.0 = Debug|Any CPU
		{1B485722-29C4-4368-B4F9-5ABE0F4BDB61}.Release|Any CPU.ActiveCfg = Release|Any CPU
		{1B485722-29C4-4368-B4F9-5ABE0F4BDB61}.Release|Any CPU.Build.0 = Release|Any CPU
	EndGlobalSection
	GlobalSection(SolutionProperties) = preSolution
		HideSolutionNode = FALSE
	EndGlobalSection
	GlobalSection(ExtensibilityGlobals) = postSolution
		SolutionGuid = {EDDC49E0-463B-4E30-896F-29E1B04CAD07}
	EndGlobalSection
EndGlobal
